
Microsoft Visual Studio Solution File, Format Version 12.00
# Visual Studio 15
VisualStudioVersion = 15.0.28307.705
MinimumVisualStudioVersion = 10.0.40219.1
Project("{FAE04EC0-301F-11D3-BF4B-00C04F79EFBC}") = "VectorTask", "VectorTask\VectorTask.csproj", "{EE08405B-E12E-44CD-9A4A-FE5079449E48}"
EndProject
Project("{FAE04EC0-301F-11D3-BF4B-00C04F79EFBC}") = "GeometryPainting", "..\GeometryPainting\GeometryPainting.csproj", "{A62E8811-66C0-4CCA-A140-1DA3FC70F7FA}"
EndProject
Global
	GlobalSection(SolutionConfigurationPlatforms) = preSolution
		Debug|Any CPU = Debug|Any CPU
		Release|Any CPU = Release|Any CPU
	EndGlobalSection
	GlobalSection(ProjectConfigurationPlatforms) = postSolution
		{EE08405B-E12E-44CD-9A4A-FE5079449E48}.Debug|Any CPU.ActiveCfg = Debug|Any CPU
		{EE08405B-E12E-44CD-9A4A-FE5079449E48}.Debug|Any CPU.Build.0 = Debug|Any CPU
		{EE08405B-E12E-44CD-9A4A-FE5079449E48}.Release|Any CPU.ActiveCfg = Release|Any CPU
		{EE08405B-E12E-44CD-9A4A-FE5079449E48}.Release|Any CPU.Build.0 = Release|Any CPU
		{A62E8811-66C0-4CCA-A140-1DA3FC70F7FA}.Debug|Any CPU.ActiveCfg = Debug|Any CPU
		{A62E8811-66C0-4CCA-A140-1DA3FC70F7FA}.Debug|Any CPU.Build.0 = Debug|Any CPU
		{A62E8811-66C0-4CCA-A140-1DA3FC70F7FA}.Release|Any CPU.ActiveCfg = Release|Any CPU
		{A62E8811-66C0-4CCA-A140-1DA3FC70F7FA}.Release|Any CPU.Build.0 = Release|Any CPU
	EndGlobalSection
	GlobalSection(SolutionProperties) = preSolution
		HideSolutionNode = FALSE
	EndGlobalSection
	GlobalSection(ExtensibilityGlobals) = postSolution
		SolutionGuid = {4C39F3EA-E271-48CB-8792-EF5DD0D6BCBD}
	EndGlobalSection
EndGlobal
