
Microsoft Visual Studio Solution File, Format Version 12.00
# Visual Studio 15
VisualStudioVersion = 15.0.28307.757
MinimumVisualStudioVersion = 10.0.40219.1
Project("{FAE04EC0-301F-11D3-BF4B-00C04F79EFBC}") = "QueueStacksGenerics", "QueueStacksGenerics\QueueStacksGenerics.csproj", "{632F913A-F05A-415C-93A7-BDA708671F27}"
EndProject
Project("{FAE04EC0-301F-11D3-BF4B-00C04F79EFBC}") = "Tests", "BracketExpTest\Tests.csproj", "{0077BC60-662D-49D8-B4C3-7F348DDFD369}"
EndProject
Global
	GlobalSection(SolutionConfigurationPlatforms) = preSolution
		Debug|Any CPU = Debug|Any CPU
		Release|Any CPU = Release|Any CPU
	EndGlobalSection
	GlobalSection(ProjectConfigurationPlatforms) = postSolution
		{632F913A-F05A-415C-93A7-BDA708671F27}.Debug|Any CPU.ActiveCfg = Debug|Any CPU
		{632F913A-F05A-415C-93A7-BDA708671F27}.Debug|Any CPU.Build.0 = Debug|Any CPU
		{632F913A-F05A-415C-93A7-BDA708671F27}.Release|Any CPU.ActiveCfg = Release|Any CPU
		{632F913A-F05A-415C-93A7-BDA708671F27}.Release|Any CPU.Build.0 = Release|Any CPU
		{0077BC60-662D-49D8-B4C3-7F348DDFD369}.Debug|Any CPU.ActiveCfg = Debug|Any CPU
		{0077BC60-662D-49D8-B4C3-7F348DDFD369}.Debug|Any CPU.Build.0 = Debug|Any CPU
		{0077BC60-662D-49D8-B4C3-7F348DDFD369}.Release|Any CPU.ActiveCfg = Release|Any CPU
		{0077BC60-662D-49D8-B4C3-7F348DDFD369}.Release|Any CPU.Build.0 = Release|Any CPU
	EndGlobalSection
	GlobalSection(SolutionProperties) = preSolution
		HideSolutionNode = FALSE
	EndGlobalSection
	GlobalSection(ExtensibilityGlobals) = postSolution
		SolutionGuid = {90268A07-C735-446C-A0EB-5B7CF0D55E32}
	EndGlobalSection
EndGlobal
