
Microsoft Visual Studio Solution File, Format Version 12.00
# Visual Studio 15
VisualStudioVersion = 15.0.28307.705
MinimumVisualStudioVersion = 10.0.40219.1
Project("{FAE04EC0-301F-11D3-BF4B-00C04F79EFBC}") = "BasicsOfOOP", "BasicsOfOOP\BasicsOfOOP.csproj", "{B70B7739-77F4-4BED-9236-F3520589368B}"
EndProject
Global
	GlobalSection(SolutionConfigurationPlatforms) = preSolution
		Debug|Any CPU = Debug|Any CPU
		Release|Any CPU = Release|Any CPU
	EndGlobalSection
	GlobalSection(ProjectConfigurationPlatforms) = postSolution
		{B70B7739-77F4-4BED-9236-F3520589368B}.Debug|Any CPU.ActiveCfg = Debug|Any CPU
		{B70B7739-77F4-4BED-9236-F3520589368B}.Debug|Any CPU.Build.0 = Debug|Any CPU
		{B70B7739-77F4-4BED-9236-F3520589368B}.Release|Any CPU.ActiveCfg = Release|Any CPU
		{B70B7739-77F4-4BED-9236-F3520589368B}.Release|Any CPU.Build.0 = Release|Any CPU
	EndGlobalSection
	GlobalSection(SolutionProperties) = preSolution
		HideSolutionNode = FALSE
	EndGlobalSection
	GlobalSection(ExtensibilityGlobals) = postSolution
		SolutionGuid = {C1E64E47-85E0-44E9-A9F2-02F8AB670E17}
	EndGlobalSection
EndGlobal
